// !$*UTF8*$!
{
	archiveVersion = 1;
	classes = {
	};
	objectVersion = 50;
	objects = {

/* Begin PBXBuildFile section */
		669DD15423F15E7000E5012C /* AppDelegate.swift in Sources */ = {isa = PBXBuildFile; fileRef = 669DD15323F15E7000E5012C /* AppDelegate.swift */; };
		669DD15623F15E7000E5012C /* SceneDelegate.swift in Sources */ = {isa = PBXBuildFile; fileRef = 669DD15523F15E7000E5012C /* SceneDelegate.swift */; };
		669DD15823F15E7000E5012C /* ViewController.swift in Sources */ = {isa = PBXBuildFile; fileRef = 669DD15723F15E7000E5012C /* ViewController.swift */; };
		669DD15B23F15E7000E5012C /* Main.storyboard in Resources */ = {isa = PBXBuildFile; fileRef = 669DD15923F15E7000E5012C /* Main.storyboard */; };
		669DD15D23F15E7100E5012C /* Assets.xcassets in Resources */ = {isa = PBXBuildFile; fileRef = 669DD15C23F15E7100E5012C /* Assets.xcassets */; };
		669DD16023F15E7100E5012C /* LaunchScreen.storyboard in Resources */ = {isa = PBXBuildFile; fileRef = 669DD15E23F15E7100E5012C /* LaunchScreen.storyboard */; };
		669DD16A23F15ECB00E5012C /* audio.wav in Resources */ = {isa = PBXBuildFile; fileRef = 669DD16823F15ECB00E5012C /* audio.wav */; };
		669DD16B23F15ECB00E5012C /* confirmation.wav in Resources */ = {isa = PBXBuildFile; fileRef = 669DD16923F15ECB00E5012C /* confirmation.wav */; };
/* End PBXBuildFile section */

/* Begin PBXFileReference section */
		669DD15023F15E7000E5012C /* CoreHapticsExample.app */ = {isa = PBXFileReference; explicitFileType = wrapper.application; includeInIndex = 0; path = CoreHapticsExample.app; sourceTree = BUILT_PRODUCTS_DIR; };
		669DD15323F15E7000E5012C /* AppDelegate.swift */ = {isa = PBXFileReference; lastKnownFileType = sourcecode.swift; path = AppDelegate.swift; sourceTree = "<group>"; };
		669DD15523F15E7000E5012C /* SceneDelegate.swift */ = {isa = PBXFileReference; lastKnownFileType = sourcecode.swift; path = SceneDelegate.swift; sourceTree = "<group>"; };
		669DD15723F15E7000E5012C /* ViewController.swift */ = {isa = PBXFileReference; lastKnownFileType = sourcecode.swift; path = ViewController.swift; sourceTree = "<group>"; };
		669DD15A23F15E7000E5012C /* Base */ = {isa = PBXFileReference; lastKnownFileType = file.storyboard; name = Base; path = Base.lproj/Main.storyboard; sourceTree = "<group>"; };
		669DD15C23F15E7100E5012C /* Assets.xcassets */ = {isa = PBXFileReference; lastKnownFileType = folder.assetcatalog; path = Assets.xcassets; sourceTree = "<group>"; };
		669DD15F23F15E7100E5012C /* Base */ = {isa = PBXFileReference; lastKnownFileType = file.storyboard; name = Base; path = Base.lproj/LaunchScreen.storyboard; sourceTree = "<group>"; };
		669DD16123F15E7100E5012C /* Info.plist */ = {isa = PBXFileReference; lastKnownFileType = text.plist.xml; path = Info.plist; sourceTree = "<group>"; };
		669DD16823F15ECB00E5012C /* audio.wav */ = {isa = PBXFileReference; lastKnownFileType = audio.wav; path = audio.wav; sourceTree = "<group>"; };
		669DD16923F15ECB00E5012C /* confirmation.wav */ = {isa = PBXFileReference; lastKnownFileType = audio.wav; path = confirmation.wav; sourceTree = "<group>"; };
/* End PBXFileReference section */

/* Begin PBXFrameworksBuildPhase section */
		669DD14D23F15E7000E5012C /* Frameworks */ = {
			isa = PBXFrameworksBuildPhase;
			buildActionMask = 2147483647;
			files = (
			);
			runOnlyForDeploymentPostprocessing = 0;
		};
/* End PBXFrameworksBuildPhase section */

/* Begin PBXGroup section */
		669DD14723F15E7000E5012C = {
			isa = PBXGroup;
			children = (
				669DD15223F15E7000E5012C /* CoreHapticsExample */,
				669DD15123F15E7000E5012C /* Products */,
			);
			sourceTree = "<group>";
		};
		669DD15123F15E7000E5012C /* Products */ = {
			isa = PBXGroup;
			children = (
				669DD15023F15E7000E5012C /* CoreHapticsExample.app */,
			);
			name = Products;
			sourceTree = "<group>";
		};
		669DD15223F15E7000E5012C /* CoreHapticsExample */ = {
			isa = PBXGroup;
			children = (
				669DD16723F15EA500E5012C /* Sounds */,
				669DD15323F15E7000E5012C /* AppDelegate.swift */,
				669DD15523F15E7000E5012C /* SceneDelegate.swift */,
				669DD15723F15E7000E5012C /* ViewController.swift */,
				669DD15923F15E7000E5012C /* Main.storyboard */,
				669DD15C23F15E7100E5012C /* Assets.xcassets */,
				669DD15E23F15E7100E5012C /* LaunchScreen.storyboard */,
				669DD16123F15E7100E5012C /* Info.plist */,
			);
			path = CoreHapticsExample;
			sourceTree = "<group>";
		};
		669DD16723F15EA500E5012C /* Sounds */ = {
			isa = PBXGroup;
			children = (
				669DD16823F15ECB00E5012C /* audio.wav */,
				669DD16923F15ECB00E5012C /* confirmation.wav */,
			);
			path = Sounds;
			sourceTree = "<group>";
		};
/* End PBXGroup section */

/* Begin PBXNativeTarget section */
		669DD14F23F15E7000E5012C /* CoreHapticsExample */ = {
			isa = PBXNativeTarget;
			buildConfigurationList = 669DD16423F15E7100E5012C /* Build configuration list for PBXNativeTarget "CoreHapticsExample" */;
			buildPhases = (
				669DD14C23F15E7000E5012C /* Sources */,
				669DD14D23F15E7000E5012C /* Frameworks */,
				669DD14E23F15E7000E5012C /* Resources */,
			);
			buildRules = (
			);
			dependencies = (
			);
			name = CoreHapticsExample;
			productName = CoreHapticsExample;
			productReference = 669DD15023F15E7000E5012C /* CoreHapticsExample.app */;
			productType = "com.apple.product-type.application";
		};
/* End PBXNativeTarget section */

/* Begin PBXProject section */
		669DD14823F15E7000E5012C /* Project object */ = {
			isa = PBXProject;
			attributes = {
				LastSwiftUpdateCheck = 1130;
				LastUpgradeCheck = 1130;
				ORGANIZATIONNAME = Exyte;
				TargetAttributes = {
					669DD14F23F15E7000E5012C = {
						CreatedOnToolsVersion = 11.3.1;
					};
				};
			};
			buildConfigurationList = 669DD14B23F15E7000E5012C /* Build configuration list for PBXProject "CoreHapticsExample" */;
			compatibilityVersion = "Xcode 9.3";
			developmentRegion = en;
			hasScannedForEncodings = 0;
			knownRegions = (
				en,
				Base,
			);
			mainGroup = 669DD14723F15E7000E5012C;
			productRefGroup = 669DD15123F15E7000E5012C /* Products */;
			projectDirPath = "";
			projectRoot = "";
			targets = (
				669DD14F23F15E7000E5012C /* CoreHapticsExample */,
			);
		};
/* End PBXProject section */

/* Begin PBXResourcesBuildPhase section */
		669DD14E23F15E7000E5012C /* Resources */ = {
			isa = PBXResourcesBuildPhase;
			buildActionMask = 2147483647;
			files = (
				669DD16B23F15ECB00E5012C /* confirmation.wav in Resources */,
				669DD16023F15E7100E5012C /* LaunchScreen.storyboard in Resources */,
				669DD15D23F15E7100E5012C /* Assets.xcassets in Resources */,
				669DD15B23F15E7000E5012C /* Main.storyboard in Resources */,
				669DD16A23F15ECB00E5012C /* audio.wav in Resources */,
			);
			runOnlyForDeploymentPostprocessing = 0;
		};
/* End PBXResourcesBuildPhase section */

/* Begin PBXSourcesBuildPhase section */
		669DD14C23F15E7000E5012C /* Sources */ = {
			isa = PBXSourcesBuildPhase;
			buildActionMask = 2147483647;
			files = (
				669DD15823F15E7000E5012C /* ViewController.swift in Sources */,
				669DD15423F15E7000E5012C /* AppDelegate.swift in Sources */,
				669DD15623F15E7000E5012C /* SceneDelegate.swift in Sources */,
			);
			runOnlyForDeploymentPostprocessing = 0;
		};
/* End PBXSourcesBuildPhase section */

/* Begin PBXVariantGroup section */
		669DD15923F15E7000E5012C /* Main.storyboard */ = {
			isa = PBXVariantGroup;
			children = (
				669DD15A23F15E7000E5012C /* Base */,
			);
			name = Main.storyboard;
			sourceTree = "<group>";
		};
		669DD15E23F15E7100E5012C /* LaunchScreen.storyboard */ = {
			isa = PBXVariantGroup;
			children = (
				669DD15F23F15E7100E5012C /* Base */,
			);
			name = LaunchScreen.storyboard;
			sourceTree = "<group>";
		};
/* End PBXVariantGroup section */

/* Begin XCBuildConfiguration section */
		669DD16223F15E7100E5012C /* Debug */ = {
			isa = XCBuildConfiguration;
			buildSettings = {
				ALWAYS_SEARCH_USER_PATHS = NO;
				CLANG_ANALYZER_NONNULL = YES;
				CLANG_ANALYZER_NUMBER_OBJECT_CONVERSION = YES_AGGRESSIVE;
				CLANG_CXX_LANGUAGE_STANDARD = "gnu++14";
				CLANG_CXX_LIBRARY = "libc++";
				CLANG_ENABLE_MODULES = YES;
				CLANG_ENABLE_OBJC_ARC = YES;
				CLANG_ENABLE_OBJC_WEAK = YES;
				CLANG_WARN_BLOCK_CAPTURE_AUTORELEASING = YES;
				CLANG_WARN_BOOL_CONVERSION = YES;
				CLANG_WARN_COMMA = YES;
				CLANG_WARN_CONSTANT_CONVERSION = YES;
				CLANG_WARN_DEPRECATED_OBJC_IMPLEMENTATIONS = YES;
				CLANG_WARN_DIRECT_OBJC_ISA_USAGE = YES_ERROR;
				CLANG_WARN_DOCUMENTATION_COMMENTS = YES;
				CLANG_WARN_EMPTY_BODY = YES;
				CLANG_WARN_ENUM_CONVERSION = YES;
				CLANG_WARN_INFINITE_RECURSION = YES;
				CLANG_WARN_INT_CONVERSION = YES;
				CLANG_WARN_NON_LITERAL_NULL_CONVERSION = YES;
				CLANG_WARN_OBJC_IMPLICIT_RETAIN_SELF = YES;
				CLANG_WARN_OBJC_LITERAL_CONVERSION = YES;
				CLANG_WARN_OBJC_ROOT_CLASS = YES_ERROR;
				CLANG_WARN_RANGE_LOOP_ANALYSIS = YES;
				CLANG_WARN_STRICT_PROTOTYPES = YES;
				CLANG_WARN_SUSPICIOUS_MOVE = YES;
				CLANG_WARN_UNGUARDED_AVAILABILITY = YES_AGGRESSIVE;
				CLANG_WARN_UNREACHABLE_CODE = YES;
				CLANG_WARN__DUPLICATE_METHOD_MATCH = YES;
				COPY_PHASE_STRIP = NO;
				DEBUG_INFORMATION_FORMAT = dwarf;
				ENABLE_STRICT_OBJC_MSGSEND = YES;
				ENABLE_TESTABILITY = YES;
				GCC_C_LANGUAGE_STANDARD = gnu11;
				GCC_DYNAMIC_NO_PIC = NO;
				GCC_NO_COMMON_BLOCKS = YES;
				GCC_OPTIMIZATION_LEVEL = 0;
				GCC_PREPROCESSOR_DEFINITIONS = (
					"DEBUG=1",
					"$(inherited)",
				);
				GCC_WARN_64_TO_32_BIT_CONVERSION = YES;
				GCC_WARN_ABOUT_RETURN_TYPE = YES_ERROR;
				GCC_WARN_UNDECLARED_SELECTOR = YES;
				GCC_WARN_UNINITIALIZED_AUTOS = YES_AGGRESSIVE;
				GCC_WARN_UNUSED_FUNCTION = YES;
				GCC_WARN_UNUSED_VARIABLE = YES;
				IPHONEOS_DEPLOYMENT_TARGET = 13.2;
				MTL_ENABLE_DEBUG_INFO = INCLUDE_SOURCE;
				MTL_FAST_MATH = YES;
				ONLY_ACTIVE_ARCH = YES;
				SDKROOT = iphoneos;
				SWIFT_ACTIVE_COMPILATION_CONDITIONS = DEBUG;
				SWIFT_OPTIMIZATION_LEVEL = "-Onone";
			};
			name = Debug;
		};
		669DD16323F15E7100E5012C /* Release */ = {
			isa = XCBuildConfiguration;
			buildSettings = {
				ALWAYS_SEARCH_USER_PATHS = NO;
				CLANG_ANALYZER_NONNULL = YES;
				CLANG_ANALYZER_NUMBER_OBJECT_CONVERSION = YES_AGGRESSIVE;
				CLANG_CXX_LANGUAGE_STANDARD = "gnu++14";
				CLANG_CXX_LIBRARY = "libc++";
				CLANG_ENABLE_MODULES = YES;
				CLANG_ENABLE_OBJC_ARC = YES;
				CLANG_ENABLE_OBJC_WEAK = YES;
				CLANG_WARN_BLOCK_CAPTURE_AUTORELEASING = YES;
				CLANG_WARN_BOOL_CONVERSION = YES;
				CLANG_WARN_COMMA = YES;
				CLANG_WARN_CONSTANT_CONVERSION = YES;
				CLANG_WARN_DEPRECATED_OBJC_IMPLEMENTATIONS = YES;
				CLANG_WARN_DIRECT_OBJC_ISA_USAGE = YES_ERROR;
				CLANG_WARN_DOCUMENTATION_COMMENTS = YES;
				CLANG_WARN_EMPTY_BODY = YES;
				CLANG_WARN_ENUM_CONVERSION = YES;
				CLANG_WARN_INFINITE_RECURSION = YES;
				CLANG_WARN_INT_CONVERSION = YES;
				CLANG_WARN_NON_LITERAL_NULL_CONVERSION = YES;
				CLANG_WARN_OBJC_IMPLICIT_RETAIN_SELF = YES;
				CLANG_WARN_OBJC_LITERAL_CONVERSION = YES;
				CLANG_WARN_OBJC_ROOT_CLASS = YES_ERROR;
				CLANG_WARN_RANGE_LOOP_ANALYSIS = YES;
				CLANG_WARN_STRICT_PROTOTYPES = YES;
				CLANG_WARN_SUSPICIOUS_MOVE = YES;
				CLANG_WARN_UNGUARDED_AVAILABILITY = YES_AGGRESSIVE;
				CLANG_WARN_UNREACHABLE_CODE = YES;
				CLANG_WARN__DUPLICATE_METHOD_MATCH = YES;
				COPY_PHASE_STRIP = NO;
				DEBUG_INFORMATION_FORMAT = "dwarf-with-dsym";
				ENABLE_NS_ASSERTIONS = NO;
				ENABLE_STRICT_OBJC_MSGSEND = YES;
				GCC_C_LANGUAGE_STANDARD = gnu11;
				GCC_NO_COMMON_BLOCKS = YES;
				GCC_WARN_64_TO_32_BIT_CONVERSION = YES;
				GCC_WARN_ABOUT_RETURN_TYPE = YES_ERROR;
				GCC_WARN_UNDECLARED_SELECTOR = YES;
				GCC_WARN_UNINITIALIZED_AUTOS = YES_AGGRESSIVE;
				GCC_WARN_UNUSED_FUNCTION = YES;
				GCC_WARN_UNUSED_VARIABLE = YES;
				IPHONEOS_DEPLOYMENT_TARGET = 13.2;
				MTL_ENABLE_DEBUG_INFO = NO;
				MTL_FAST_MATH = YES;
				SDKROOT = iphoneos;
				SWIFT_COMPILATION_MODE = wholemodule;
				SWIFT_OPTIMIZATION_LEVEL = "-O";
				VALIDATE_PRODUCT = YES;
			};
			name = Release;
		};
		669DD16523F15E7100E5012C /* Debug */ = {
			isa = XCBuildConfiguration;
			buildSettings = {
				ASSETCATALOG_COMPILER_APPICON_NAME = AppIcon;
				CODE_SIGN_STYLE = Manual;
				DEVELOPMENT_TEAM = "";
				INFOPLIST_FILE = CoreHapticsExample/Info.plist;
				LD_RUNPATH_SEARCH_PATHS = (
					"$(inherited)",
					"@executable_path/Frameworks",
				);
				PRODUCT_BUNDLE_IDENTIFIER = com.exyte.CoreHapticsExample;
				PRODUCT_NAME = "$(TARGET_NAME)";
				PROVISIONING_PROFILE_SPECIFIER = "";
				SWIFT_VERSION = 5.0;
				TARGETED_DEVICE_FAMILY = "1,2";
			};
			name = Debug;
		};
		669DD16623F15E7100E5012C /* Release */ = {
			isa = XCBuildConfiguration;
			buildSettings = {
				ASSETCATALOG_COMPILER_APPICON_NAME = AppIcon;
				CODE_SIGN_STYLE = Manual;
				DEVELOPMENT_TEAM = "";
				INFOPLIST_FILE = CoreHapticsExample/Info.plist;
				LD_RUNPATH_SEARCH_PATHS = (
					"$(inherited)",
					"@executable_path/Frameworks",
				);
				PRODUCT_BUNDLE_IDENTIFIER = com.exyte.CoreHapticsExample;
				PRODUCT_NAME = "$(TARGET_NAME)";
				PROVISIONING_PROFILE_SPECIFIER = "";
				SWIFT_VERSION = 5.0;
				TARGETED_DEVICE_FAMILY = "1,2";
			};
			name = Release;
		};
/* End XCBuildConfiguration section */

/* Begin XCConfigurationList section */
		669DD14B23F15E7000E5012C /* Build configuration list for PBXProject "CoreHapticsExample" */ = {
			isa = XCConfigurationList;
			buildConfigurations = (
				669DD16223F15E7100E5012C /* Debug */,
				669DD16323F15E7100E5012C /* Release */,
			);
			defaultConfigurationIsVisible = 0;
			defaultConfigurationName = Release;
		};
		669DD16423F15E7100E5012C /* Build configuration list for PBXNativeTarget "CoreHapticsExample" */ = {
			isa = XCConfigurationList;
			buildConfigurations = (
				669DD16523F15E7100E5012C /* Debug */,
				669DD16623F15E7100E5012C /* Release */,
			);
			defaultConfigurationIsVisible = 0;
			defaultConfigurationName = Release;
		};
/* End XCConfigurationList section */
	};
	rootObject = 669DD14823F15E7000E5012C /* Project object */;
}
